// !$*UTF8*$!
{
	archiveVersion = 1;
	classes = {
	};
	objectVersion = 46;
	objects = {

/* Begin PBXBuildFile section */
		961938DF1DC442020051BF44 /* AppDelegate.swift in Sources */ = {isa = PBXBuildFile; fileRef = 961938DE1DC442020051BF44 /* AppDelegate.swift */; };
		961938E11DC442020051BF44 /* ViewController.swift in Sources */ = {isa = PBXBuildFile; fileRef = 961938E01DC442020051BF44 /* ViewController.swift */; };
		961938E41DC442020051BF44 /* Main.storyboard in Resources */ = {isa = PBXBuildFile; fileRef = 961938E21DC442020051BF44 /* Main.storyboard */; };
		961938E61DC442020051BF44 /* Assets.xcassets in Resources */ = {isa = PBXBuildFile; fileRef = 961938E51DC442020051BF44 /* Assets.xcassets */; };
		961938E91DC442020051BF44 /* LaunchScreen.storyboard in Resources */ = {isa = PBXBuildFile; fileRef = 961938E71DC442020051BF44 /* LaunchScreen.storyboard */; };
/* End PBXBuildFile section */

/* Begin PBXFileReference section */
		961938DB1DC442020051BF44 /* TwitterXu.app */ = {isa = PBXFileReference; explicitFileType = wrapper.application; includeInIndex = 0; path = TwitterXu.app; sourceTree = BUILT_PRODUCTS_DIR; };
		961938DE1DC442020051BF44 /* AppDelegate.swift */ = {isa = PBXFileReference; lastKnownFileType = sourcecode.swift; path = AppDelegate.swift; sourceTree = "<group>"; };
		961938E01DC442020051BF44 /* ViewController.swift */ = {isa = PBXFileReference; lastKnownFileType = sourcecode.swift; path = ViewController.swift; sourceTree = "<group>"; };
		961938E31DC442020051BF44 /* Base */ = {isa = PBXFileReference; lastKnownFileType = file.storyboard; name = Base; path = Base.lproj/Main.storyboard; sourceTree = "<group>"; };
		961938E51DC442020051BF44 /* Assets.xcassets */ = {isa = PBXFileReference; lastKnownFileType = folder.assetcatalog; path = Assets.xcassets; sourceTree = "<group>"; };
		961938E81DC442020051BF44 /* Base */ = {isa = PBXFileReference; lastKnownFileType = file.storyboard; name = Base; path = Base.lproj/LaunchScreen.storyboard; sourceTree = "<group>"; };
		961938EA1DC442020051BF44 /* Info.plist */ = {isa = PBXFileReference; lastKnownFileType = text.plist.xml; path = Info.plist; sourceTree = "<group>"; };
/* End PBXFileReference section */

/* Begin PBXFrameworksBuildPhase section */
		961938D81DC442010051BF44 /* Frameworks */ = {
			isa = PBXFrameworksBuildPhase;
			buildActionMask = 2147483647;
			files = (
			);
			runOnlyForDeploymentPostprocessing = 0;
		};
/* End PBXFrameworksBuildPhase section */

/* Begin PBXGroup section */
		961938D21DC442010051BF44 = {
			isa = PBXGroup;
			children = (
				961938DD1DC442020051BF44 /* TwitterXu */,
				961938DC1DC442020051BF44 /* Products */,
			);
			sourceTree = "<group>";
		};
		961938DC1DC442020051BF44 /* Products */ = {
			isa = PBXGroup;
			children = (
				961938DB1DC442020051BF44 /* TwitterXu.app */,
			);
			name = Products;
			sourceTree = "<group>";
		};
		961938DD1DC442020051BF44 /* TwitterXu */ = {
			isa = PBXGroup;
			children = (
				961938DE1DC442020051BF44 /* AppDelegate.swift */,
				961938E01DC442020051BF44 /* ViewController.swift */,
				961938E21DC442020051BF44 /* Main.storyboard */,
				961938E51DC442020051BF44 /* Assets.xcassets */,
				961938E71DC442020051BF44 /* LaunchScreen.storyboard */,
				961938EA1DC442020051BF44 /* Info.plist */,
			);
			path = TwitterXu;
			sourceTree = "<group>";
		};
/* End PBXGroup section */

/* Begin PBXNativeTarget section */
		961938DA1DC442010051BF44 /* TwitterXu */ = {
			isa = PBXNativeTarget;
			buildConfigurationList = 961938ED1DC442020051BF44 /* Build configuration list for PBXNativeTarget "TwitterXu" */;
			buildPhases = (
				961938D71DC442010051BF44 /* Sources */,
				961938D81DC442010051BF44 /* Frameworks */,
				961938D91DC442010051BF44 /* Resources */,
			);
			buildRules = (
			);
			dependencies = (
			);
			name = TwitterXu;
			productName = TwitterXu;
			productReference = 961938DB1DC442020051BF44 /* TwitterXu.app */;
			productType = "com.apple.product-type.application";
		};
/* End PBXNativeTarget section */

/* Begin PBXProject section */
		961938D31DC442010051BF44 /* Project object */ = {
			isa = PBXProject;
			attributes = {
				LastSwiftUpdateCheck = 0810;
				LastUpgradeCheck = 0810;
				ORGANIZATIONNAME = "Phương Nguyễn";
				TargetAttributes = {
					961938DA1DC442010051BF44 = {
						CreatedOnToolsVersion = 8.1;
						DevelopmentTeam = 4N8ES39HKV;
						ProvisioningStyle = Automatic;
					};
				};
			};
			buildConfigurationList = 961938D61DC442010051BF44 /* Build configuration list for PBXProject "TwitterXu" */;
			compatibilityVersion = "Xcode 3.2";
			developmentRegion = English;
			hasScannedForEncodings = 0;
			knownRegions = (
				en,
				Base,
			);
			mainGroup = 961938D21DC442010051BF44;
			productRefGroup = 961938DC1DC442020051BF44 /* Products */;
			projectDirPath = "";
			projectRoot = "";
			targets = (
				961938DA1DC442010051BF44 /* TwitterXu */,
			);
		};
/* End PBXProject section */

/* Begin PBXResourcesBuildPhase section */
		961938D91DC442010051BF44 /* Resources */ = {
			isa = PBXResourcesBuildPhase;
			buildActionMask = 2147483647;
			files = (
				961938E91DC442020051BF44 /* LaunchScreen.storyboard in Resources */,
				961938E61DC442020051BF44 /* Assets.xcassets in Resources */,
				961938E41DC442020051BF44 /* Main.storyboard in Resources */,
			);
			runOnlyForDeploymentPostprocessing = 0;
		};
/* End PBXResourcesBuildPhase section */

/* Begin PBXSourcesBuildPhase section */
		961938D71DC442010051BF44 /* Sources */ = {
			isa = PBXSourcesBuildPhase;
			buildActionMask = 2147483647;
			files = (
				961938E11DC442020051BF44 /* ViewController.swift in Sources */,
				961938DF1DC442020051BF44 /* AppDelegate.swift in Sources */,
			);
			runOnlyForDeploymentPostprocessing = 0;
		};
/* End PBXSourcesBuildPhase section */

/* Begin PBXVariantGroup section */
		961938E21DC442020051BF44 /* Main.storyboard */ = {
			isa = PBXVariantGroup;
			children = (
				961938E31DC442020051BF44 /* Base */,
			);
			name = Main.storyboard;
			sourceTree = "<group>";
		};
		961938E71DC442020051BF44 /* LaunchScreen.storyboard */ = {
			isa = PBXVariantGroup;
			children = (
				961938E81DC442020051BF44 /* Base */,
			);
			name = LaunchScreen.storyboard;
			sourceTree = "<group>";
		};
/* End PBXVariantGroup section */

/* Begin XCBuildConfiguration section */
		961938EB1DC442020051BF44 /* Debug */ = {
			isa = XCBuildConfiguration;
			buildSettings = {
				ALWAYS_SEARCH_USER_PATHS = NO;
				CLANG_ANALYZER_NONNULL = YES;
				CLANG_CXX_LANGUAGE_STANDARD = "gnu++0x";
				CLANG_CXX_LIBRARY = "libc++";
				CLANG_ENABLE_MODULES = YES;
				CLANG_ENABLE_OBJC_ARC = YES;
				CLANG_WARN_BOOL_CONVERSION = YES;
				CLANG_WARN_CONSTANT_CONVERSION = YES;
				CLANG_WARN_DIRECT_OBJC_ISA_USAGE = YES_ERROR;
				CLANG_WARN_DOCUMENTATION_COMMENTS = YES;
				CLANG_WARN_EMPTY_BODY = YES;
				CLANG_WARN_ENUM_CONVERSION = YES;
				CLANG_WARN_INFINITE_RECURSION = YES;
				CLANG_WARN_INT_CONVERSION = YES;
				CLANG_WARN_OBJC_ROOT_CLASS = YES_ERROR;
				CLANG_WARN_SUSPICIOUS_MOVES = YES;
				CLANG_WARN_UNREACHABLE_CODE = YES;
				CLANG_WARN__DUPLICATE_METHOD_MATCH = YES;
				"CODE_SIGN_IDENTITY[sdk=iphoneos*]" = "iPhone Developer";
				COPY_PHASE_STRIP = NO;
				DEBUG_INFORMATION_FORMAT = dwarf;
				ENABLE_STRICT_OBJC_MSGSEND = YES;
				ENABLE_TESTABILITY = YES;
				GCC_C_LANGUAGE_STANDARD = gnu99;
				GCC_DYNAMIC_NO_PIC = NO;
				GCC_NO_COMMON_BLOCKS = YES;
				GCC_OPTIMIZATION_LEVEL = 0;
				GCC_PREPROCESSOR_DEFINITIONS = (
					"DEBUG=1",
					"$(inherited)",
				);
				GCC_WARN_64_TO_32_BIT_CONVERSION = YES;
				GCC_WARN_ABOUT_RETURN_TYPE = YES_ERROR;
				GCC_WARN_UNDECLARED_SELECTOR = YES;
				GCC_WARN_UNINITIALIZED_AUTOS = YES_AGGRESSIVE;
				GCC_WARN_UNUSED_FUNCTION = YES;
				GCC_WARN_UNUSED_VARIABLE = YES;
				IPHONEOS_DEPLOYMENT_TARGET = 10.1;
				MTL_ENABLE_DEBUG_INFO = YES;
				ONLY_ACTIVE_ARCH = YES;
				SDKROOT = iphoneos;
				SWIFT_ACTIVE_COMPILATION_CONDITIONS = DEBUG;
				SWIFT_OPTIMIZATION_LEVEL = "-Onone";
			};
			name = Debug;
		};
		961938EC1DC442020051BF44 /* Release */ = {
			isa = XCBuildConfiguration;
			buildSettings = {
				ALWAYS_SEARCH_USER_PATHS = NO;
				CLANG_ANALYZER_NONNULL = YES;
				CLANG_CXX_LANGUAGE_STANDARD = "gnu++0x";
				CLANG_CXX_LIBRARY = "libc++";
				CLANG_ENABLE_MODULES = YES;
				CLANG_ENABLE_OBJC_ARC = YES;
				CLANG_WARN_BOOL_CONVERSION = YES;
				CLANG_WARN_CONSTANT_CONVERSION = YES;
				CLANG_WARN_DIRECT_OBJC_ISA_USAGE = YES_ERROR;
				CLANG_WARN_DOCUMENTATION_COMMENTS = YES;
				CLANG_WARN_EMPTY_BODY = YES;
				CLANG_WARN_ENUM_CONVERSION = YES;
				CLANG_WARN_INFINITE_RECURSION = YES;
				CLANG_WARN_INT_CONVERSION = YES;
				CLANG_WARN_OBJC_ROOT_CLASS = YES_ERROR;
				CLANG_WARN_SUSPICIOUS_MOVES = YES;
				CLANG_WARN_UNREACHABLE_CODE = YES;
				CLANG_WARN__DUPLICATE_METHOD_MATCH = YES;
				"CODE_SIGN_IDENTITY[sdk=iphoneos*]" = "iPhone Developer";
				COPY_PHASE_STRIP = NO;
				DEBUG_INFORMATION_FORMAT = "dwarf-with-dsym";
				ENABLE_NS_ASSERTIONS = NO;
				ENABLE_STRICT_OBJC_MSGSEND = YES;
				GCC_C_LANGUAGE_STANDARD = gnu99;
				GCC_NO_COMMON_BLOCKS = YES;
				GCC_WARN_64_TO_32_BIT_CONVERSION = YES;
				GCC_WARN_ABOUT_RETURN_TYPE = YES_ERROR;
				GCC_WARN_UNDECLARED_SELECTOR = YES;
				GCC_WARN_UNINITIALIZED_AUTOS = YES_AGGRESSIVE;
				GCC_WARN_UNUSED_FUNCTION = YES;
				GCC_WARN_UNUSED_VARIABLE = YES;
				IPHONEOS_DEPLOYMENT_TARGET = 10.1;
				MTL_ENABLE_DEBUG_INFO = NO;
				SDKROOT = iphoneos;
				SWIFT_OPTIMIZATION_LEVEL = "-Owholemodule";
				VALIDATE_PRODUCT = YES;
			};
			name = Release;
		};
		961938EE1DC442020051BF44 /* Debug */ = {
			isa = XCBuildConfiguration;
			buildSettings = {
				ASSETCATALOG_COMPILER_APPICON_NAME = AppIcon;
				DEVELOPMENT_TEAM = 4N8ES39HKV;
				INFOPLIST_FILE = TwitterXu/Info.plist;
				LD_RUNPATH_SEARCH_PATHS = "$(inherited) @executable_path/Frameworks";
				PRODUCT_BUNDLE_IDENTIFIER = com.learning.TwitterXu;
				PRODUCT_NAME = "$(TARGET_NAME)";
				SWIFT_VERSION = 3.0;
			};
			name = Debug;
		};
		961938EF1DC442020051BF44 /* Release */ = {
			isa = XCBuildConfiguration;
			buildSettings = {
				ASSETCATALOG_COMPILER_APPICON_NAME = AppIcon;
				DEVELOPMENT_TEAM = 4N8ES39HKV;
				INFOPLIST_FILE = TwitterXu/Info.plist;
				LD_RUNPATH_SEARCH_PATHS = "$(inherited) @executable_path/Frameworks";
				PRODUCT_BUNDLE_IDENTIFIER = com.learning.TwitterXu;
				PRODUCT_NAME = "$(TARGET_NAME)";
				SWIFT_VERSION = 3.0;
			};
			name = Release;
		};
/* End XCBuildConfiguration section */

/* Begin XCConfigurationList section */
		961938D61DC442010051BF44 /* Build configuration list for PBXProject "TwitterXu" */ = {
			isa = XCConfigurationList;
			buildConfigurations = (
				961938EB1DC442020051BF44 /* Debug */,
				961938EC1DC442020051BF44 /* Release */,
			);
			defaultConfigurationIsVisible = 0;
			defaultConfigurationName = Release;
		};
		961938ED1DC442020051BF44 /* Build configuration list for PBXNativeTarget "TwitterXu" */ = {
			isa = XCConfigurationList;
			buildConfigurations = (
				961938EE1DC442020051BF44 /* Debug */,
				961938EF1DC442020051BF44 /* Release */,
			);
			defaultConfigurationIsVisible = 0;
		};
/* End XCConfigurationList section */
	};
	rootObject = 961938D31DC442010051BF44 /* Project object */;
}
